// !$*UTF8*$!
{
	archiveVersion = 1;
	classes = {
	};
	objectVersion = 56;
	objects = {

/* Begin PBXBuildFile section */
		2F7313792A7250150021CC2D /* Bucketlist_Project14App.swift in Sources */ = {isa = PBXBuildFile; fileRef = 2F7313782A7250150021CC2D /* Bucketlist_Project14App.swift */; };
		2F73137B2A7250150021CC2D /* ContentView.swift in Sources */ = {isa = PBXBuildFile; fileRef = 2F73137A2A7250150021CC2D /* ContentView.swift */; };
		2F73137D2A7250160021CC2D /* Assets.xcassets in Resources */ = {isa = PBXBuildFile; fileRef = 2F73137C2A7250160021CC2D /* Assets.xcassets */; };
		2F7313802A7250160021CC2D /* Preview Assets.xcassets in Resources */ = {isa = PBXBuildFile; fileRef = 2F73137F2A7250160021CC2D /* Preview Assets.xcassets */; };
		2F7313872A7252230021CC2D /* Location.swift in Sources */ = {isa = PBXBuildFile; fileRef = 2F7313862A7252230021CC2D /* Location.swift */; };
		2F73138B2A725BE60021CC2D /* EditView.swift in Sources */ = {isa = PBXBuildFile; fileRef = 2F73138A2A725BE60021CC2D /* EditView.swift */; };
		2F73138D2A7279DC0021CC2D /* Result.swift in Sources */ = {isa = PBXBuildFile; fileRef = 2F73138C2A7279DC0021CC2D /* Result.swift */; };
		2F73138F2A727FC20021CC2D /* ContentView-ViewModel.swift in Sources */ = {isa = PBXBuildFile; fileRef = 2F73138E2A727FC20021CC2D /* ContentView-ViewModel.swift */; };
		2F7313912A7285730021CC2D /* FileManager-DocumentsDirectory.swift in Sources */ = {isa = PBXBuildFile; fileRef = 2F7313902A7285730021CC2D /* FileManager-DocumentsDirectory.swift */; };
/* End PBXBuildFile section */

/* Begin PBXFileReference section */
		2F7313752A7250150021CC2D /* Bucketlist_Project14.app */ = {isa = PBXFileReference; explicitFileType = wrapper.application; includeInIndex = 0; path = Bucketlist_Project14.app; sourceTree = BUILT_PRODUCTS_DIR; };
		2F7313782A7250150021CC2D /* Bucketlist_Project14App.swift */ = {isa = PBXFileReference; lastKnownFileType = sourcecode.swift; path = Bucketlist_Project14App.swift; sourceTree = "<group>"; };
		2F73137A2A7250150021CC2D /* ContentView.swift */ = {isa = PBXFileReference; lastKnownFileType = sourcecode.swift; path = ContentView.swift; sourceTree = "<group>"; };
		2F73137C2A7250160021CC2D /* Assets.xcassets */ = {isa = PBXFileReference; lastKnownFileType = folder.assetcatalog; path = Assets.xcassets; sourceTree = "<group>"; };
		2F73137F2A7250160021CC2D /* Preview Assets.xcassets */ = {isa = PBXFileReference; lastKnownFileType = folder.assetcatalog; path = "Preview Assets.xcassets"; sourceTree = "<group>"; };
		2F7313862A7252230021CC2D /* Location.swift */ = {isa = PBXFileReference; lastKnownFileType = sourcecode.swift; path = Location.swift; sourceTree = "<group>"; };
		2F73138A2A725BE60021CC2D /* EditView.swift */ = {isa = PBXFileReference; lastKnownFileType = sourcecode.swift; path = EditView.swift; sourceTree = "<group>"; };
		2F73138C2A7279DC0021CC2D /* Result.swift */ = {isa = PBXFileReference; lastKnownFileType = sourcecode.swift; path = Result.swift; sourceTree = "<group>"; };
		2F73138E2A727FC20021CC2D /* ContentView-ViewModel.swift */ = {isa = PBXFileReference; lastKnownFileType = sourcecode.swift; path = "ContentView-ViewModel.swift"; sourceTree = "<group>"; };
		2F7313902A7285730021CC2D /* FileManager-DocumentsDirectory.swift */ = {isa = PBXFileReference; lastKnownFileType = sourcecode.swift; path = "FileManager-DocumentsDirectory.swift"; sourceTree = "<group>"; };
/* End PBXFileReference section */

/* Begin PBXFrameworksBuildPhase section */
		2F7313722A7250150021CC2D /* Frameworks */ = {
			isa = PBXFrameworksBuildPhase;
			buildActionMask = 2147483647;
			files = (
			);
			runOnlyForDeploymentPostprocessing = 0;
		};
/* End PBXFrameworksBuildPhase section */

/* Begin PBXGroup section */
		2F73136C2A7250150021CC2D = {
			isa = PBXGroup;
			children = (
				2F7313772A7250150021CC2D /* Bucketlist_Project14 */,
				2F7313762A7250150021CC2D /* Products */,
			);
			sourceTree = "<group>";
		};
		2F7313762A7250150021CC2D /* Products */ = {
			isa = PBXGroup;
			children = (
				2F7313752A7250150021CC2D /* Bucketlist_Project14.app */,
			);
			name = Products;
			sourceTree = "<group>";
		};
		2F7313772A7250150021CC2D /* Bucketlist_Project14 */ = {
			isa = PBXGroup;
			children = (
				2F7313782A7250150021CC2D /* Bucketlist_Project14App.swift */,
				2F73137C2A7250160021CC2D /* Assets.xcassets */,
				2F9FBE642AF8E64000B9B003 /* View */,
				2F9FBE632AF8E62000B9B003 /* ViewModel */,
				2F9FBE622AF8E5EB00B9B003 /* Model */,
				2F9FBE652AF8E65900B9B003 /* Extensions */,
				2F73137E2A7250160021CC2D /* Preview Content */,
			);
			path = Bucketlist_Project14;
			sourceTree = "<group>";
		};
		2F73137E2A7250160021CC2D /* Preview Content */ = {
			isa = PBXGroup;
			children = (
				2F73137F2A7250160021CC2D /* Preview Assets.xcassets */,
			);
			path = "Preview Content";
			sourceTree = "<group>";
		};
		2F9FBE622AF8E5EB00B9B003 /* Model */ = {
			isa = PBXGroup;
			children = (
				2F7313862A7252230021CC2D /* Location.swift */,
				2F73138C2A7279DC0021CC2D /* Result.swift */,
			);
			path = Model;
			sourceTree = "<group>";
		};
		2F9FBE632AF8E62000B9B003 /* ViewModel */ = {
			isa = PBXGroup;
			children = (
				2F73138E2A727FC20021CC2D /* ContentView-ViewModel.swift */,
			);
			path = ViewModel;
			sourceTree = "<group>";
		};
		2F9FBE642AF8E64000B9B003 /* View */ = {
			isa = PBXGroup;
			children = (
				2F73137A2A7250150021CC2D /* ContentView.swift */,
				2F73138A2A725BE60021CC2D /* EditView.swift */,
			);
			path = View;
			sourceTree = "<group>";
		};
		2F9FBE652AF8E65900B9B003 /* Extensions */ = {
			isa = PBXGroup;
			children = (
				2F7313902A7285730021CC2D /* FileManager-DocumentsDirectory.swift */,
			);
			path = Extensions;
			sourceTree = "<group>";
		};
/* End PBXGroup section */

/* Begin PBXNativeTarget section */
		2F7313742A7250150021CC2D /* Bucketlist_Project14 */ = {
			isa = PBXNativeTarget;
			buildConfigurationList = 2F7313832A7250160021CC2D /* Build configuration list for PBXNativeTarget "Bucketlist_Project14" */;
			buildPhases = (
				2F7313712A7250150021CC2D /* Sources */,
				2F7313722A7250150021CC2D /* Frameworks */,
				2F7313732A7250150021CC2D /* Resources */,
			);
			buildRules = (
			);
			dependencies = (
			);
			name = Bucketlist_Project14;
			productName = Bucketlist_Project14;
			productReference = 2F7313752A7250150021CC2D /* Bucketlist_Project14.app */;
			productType = "com.apple.product-type.application";
		};
/* End PBXNativeTarget section */

/* Begin PBXProject section */
		2F73136D2A7250150021CC2D /* Project object */ = {
			isa = PBXProject;
			attributes = {
				BuildIndependentTargetsInParallel = 1;
				LastSwiftUpdateCheck = 1430;
				LastUpgradeCheck = 1430;
				TargetAttributes = {
					2F7313742A7250150021CC2D = {
						CreatedOnToolsVersion = 14.3.1;
					};
				};
			};
			buildConfigurationList = 2F7313702A7250150021CC2D /* Build configuration list for PBXProject "Bucketlist_Project14" */;
			compatibilityVersion = "Xcode 14.0";
			developmentRegion = en;
			hasScannedForEncodings = 0;
			knownRegions = (
				en,
				Base,
			);
			mainGroup = 2F73136C2A7250150021CC2D;
			productRefGroup = 2F7313762A7250150021CC2D /* Products */;
			projectDirPath = "";
			projectRoot = "";
			targets = (
				2F7313742A7250150021CC2D /* Bucketlist_Project14 */,
			);
		};
/* End PBXProject section */

/* Begin PBXResourcesBuildPhase section */
		2F7313732A7250150021CC2D /* Resources */ = {
			isa = PBXResourcesBuildPhase;
			buildActionMask = 2147483647;
			files = (
				2F7313802A7250160021CC2D /* Preview Assets.xcassets in Resources */,
				2F73137D2A7250160021CC2D /* Assets.xcassets in Resources */,
			);
			runOnlyForDeploymentPostprocessing = 0;
		};
/* End PBXResourcesBuildPhase section */

/* Begin PBXSourcesBuildPhase section */
		2F7313712A7250150021CC2D /* Sources */ = {
			isa = PBXSourcesBuildPhase;
			buildActionMask = 2147483647;
			files = (
				2F73137B2A7250150021CC2D /* ContentView.swift in Sources */,
				2F7313912A7285730021CC2D /* FileManager-DocumentsDirectory.swift in Sources */,
				2F73138F2A727FC20021CC2D /* ContentView-ViewModel.swift in Sources */,
				2F73138D2A7279DC0021CC2D /* Result.swift in Sources */,
				2F7313872A7252230021CC2D /* Location.swift in Sources */,
				2F73138B2A725BE60021CC2D /* EditView.swift in Sources */,
				2F7313792A7250150021CC2D /* Bucketlist_Project14App.swift in Sources */,
			);
			runOnlyForDeploymentPostprocessing = 0;
		};
/* End PBXSourcesBuildPhase section */

/* Begin XCBuildConfiguration section */
		2F7313812A7250160021CC2D /* Debug */ = {
			isa = XCBuildConfiguration;
			buildSettings = {
				ALWAYS_SEARCH_USER_PATHS = NO;
				CLANG_ANALYZER_NONNULL = YES;
				CLANG_ANALYZER_NUMBER_OBJECT_CONVERSION = YES_AGGRESSIVE;
				CLANG_CXX_LANGUAGE_STANDARD = "gnu++20";
				CLANG_ENABLE_MODULES = YES;
				CLANG_ENABLE_OBJC_ARC = YES;
				CLANG_ENABLE_OBJC_WEAK = YES;
				CLANG_WARN_BLOCK_CAPTURE_AUTORELEASING = YES;
				CLANG_WARN_BOOL_CONVERSION = YES;
				CLANG_WARN_COMMA = YES;
				CLANG_WARN_CONSTANT_CONVERSION = YES;
				CLANG_WARN_DEPRECATED_OBJC_IMPLEMENTATIONS = YES;
				CLANG_WARN_DIRECT_OBJC_ISA_USAGE = YES_ERROR;
				CLANG_WARN_DOCUMENTATION_COMMENTS = YES;
				CLANG_WARN_EMPTY_BODY = YES;
				CLANG_WARN_ENUM_CONVERSION = YES;
				CLANG_WARN_INFINITE_RECURSION = YES;
				CLANG_WARN_INT_CONVERSION = YES;
				CLANG_WARN_NON_LITERAL_NULL_CONVERSION = YES;
				CLANG_WARN_OBJC_IMPLICIT_RETAIN_SELF = YES;
				CLANG_WARN_OBJC_LITERAL_CONVERSION = YES;
				CLANG_WARN_OBJC_ROOT_CLASS = YES_ERROR;
				CLANG_WARN_QUOTED_INCLUDE_IN_FRAMEWORK_HEADER = YES;
				CLANG_WARN_RANGE_LOOP_ANALYSIS = YES;
				CLANG_WARN_STRICT_PROTOTYPES = YES;
				CLANG_WARN_SUSPICIOUS_MOVE = YES;
				CLANG_WARN_UNGUARDED_AVAILABILITY = YES_AGGRESSIVE;
				CLANG_WARN_UNREACHABLE_CODE = YES;
				CLANG_WARN__DUPLICATE_METHOD_MATCH = YES;
				COPY_PHASE_STRIP = NO;
				DEBUG_INFORMATION_FORMAT = dwarf;
				ENABLE_STRICT_OBJC_MSGSEND = YES;
				ENABLE_TESTABILITY = YES;
				GCC_C_LANGUAGE_STANDARD = gnu11;
				GCC_DYNAMIC_NO_PIC = NO;
				GCC_NO_COMMON_BLOCKS = YES;
				GCC_OPTIMIZATION_LEVEL = 0;
				GCC_PREPROCESSOR_DEFINITIONS = (
					"DEBUG=1",
					"$(inherited)",
				);
				GCC_WARN_64_TO_32_BIT_CONVERSION = YES;
				GCC_WARN_ABOUT_RETURN_TYPE = YES_ERROR;
				GCC_WARN_UNDECLARED_SELECTOR = YES;
				GCC_WARN_UNINITIALIZED_AUTOS = YES_AGGRESSIVE;
				GCC_WARN_UNUSED_FUNCTION = YES;
				GCC_WARN_UNUSED_VARIABLE = YES;
				IPHONEOS_DEPLOYMENT_TARGET = 16.4;
				MTL_ENABLE_DEBUG_INFO = INCLUDE_SOURCE;
				MTL_FAST_MATH = YES;
				ONLY_ACTIVE_ARCH = YES;
				SDKROOT = iphoneos;
				SWIFT_ACTIVE_COMPILATION_CONDITIONS = DEBUG;
				SWIFT_OPTIMIZATION_LEVEL = "-Onone";
			};
			name = Debug;
		};
		2F7313822A7250160021CC2D /* Release */ = {
			isa = XCBuildConfiguration;
			buildSettings = {
				ALWAYS_SEARCH_USER_PATHS = NO;
				CLANG_ANALYZER_NONNULL = YES;
				CLANG_ANALYZER_NUMBER_OBJECT_CONVERSION = YES_AGGRESSIVE;
				CLANG_CXX_LANGUAGE_STANDARD = "gnu++20";
				CLANG_ENABLE_MODULES = YES;
				CLANG_ENABLE_OBJC_ARC = YES;
				CLANG_ENABLE_OBJC_WEAK = YES;
				CLANG_WARN_BLOCK_CAPTURE_AUTORELEASING = YES;
				CLANG_WARN_BOOL_CONVERSION = YES;
				CLANG_WARN_COMMA = YES;
				CLANG_WARN_CONSTANT_CONVERSION = YES;
				CLANG_WARN_DEPRECATED_OBJC_IMPLEMENTATIONS = YES;
				CLANG_WARN_DIRECT_OBJC_ISA_USAGE = YES_ERROR;
				CLANG_WARN_DOCUMENTATION_COMMENTS = YES;
				CLANG_WARN_EMPTY_BODY = YES;
				CLANG_WARN_ENUM_CONVERSION = YES;
				CLANG_WARN_INFINITE_RECURSION = YES;
				CLANG_WARN_INT_CONVERSION = YES;
				CLANG_WARN_NON_LITERAL_NULL_CONVERSION = YES;
				CLANG_WARN_OBJC_IMPLICIT_RETAIN_SELF = YES;
				CLANG_WARN_OBJC_LITERAL_CONVERSION = YES;
				CLANG_WARN_OBJC_ROOT_CLASS = YES_ERROR;
				CLANG_WARN_QUOTED_INCLUDE_IN_FRAMEWORK_HEADER = YES;
				CLANG_WARN_RANGE_LOOP_ANALYSIS = YES;
				CLANG_WARN_STRICT_PROTOTYPES = YES;
				CLANG_WARN_SUSPICIOUS_MOVE = YES;
				CLANG_WARN_UNGUARDED_AVAILABILITY = YES_AGGRESSIVE;
				CLANG_WARN_UNREACHABLE_CODE = YES;
				CLANG_WARN__DUPLICATE_METHOD_MATCH = YES;
				COPY_PHASE_STRIP = NO;
				DEBUG_INFORMATION_FORMAT = "dwarf-with-dsym";
				ENABLE_NS_ASSERTIONS = NO;
				ENABLE_STRICT_OBJC_MSGSEND = YES;
				GCC_C_LANGUAGE_STANDARD = gnu11;
				GCC_NO_COMMON_BLOCKS = YES;
				GCC_WARN_64_TO_32_BIT_CONVERSION = YES;
				GCC_WARN_ABOUT_RETURN_TYPE = YES_ERROR;
				GCC_WARN_UNDECLARED_SELECTOR = YES;
				GCC_WARN_UNINITIALIZED_AUTOS = YES_AGGRESSIVE;
				GCC_WARN_UNUSED_FUNCTION = YES;
				GCC_WARN_UNUSED_VARIABLE = YES;
				IPHONEOS_DEPLOYMENT_TARGET = 16.4;
				MTL_ENABLE_DEBUG_INFO = NO;
				MTL_FAST_MATH = YES;
				SDKROOT = iphoneos;
				SWIFT_COMPILATION_MODE = wholemodule;
				SWIFT_OPTIMIZATION_LEVEL = "-O";
				VALIDATE_PRODUCT = YES;
			};
			name = Release;
		};
		2F7313842A7250160021CC2D /* Debug */ = {
			isa = XCBuildConfiguration;
			buildSettings = {
				ASSETCATALOG_COMPILER_APPICON_NAME = AppIcon;
				ASSETCATALOG_COMPILER_GLOBAL_ACCENT_COLOR_NAME = AccentColor;
				CODE_SIGN_STYLE = Automatic;
				CURRENT_PROJECT_VERSION = 1;
				DEVELOPMENT_ASSET_PATHS = "\"Bucketlist_Project14/Preview Content\"";
				DEVELOPMENT_TEAM = 9N9RKH6XXL;
				ENABLE_PREVIEWS = YES;
				GENERATE_INFOPLIST_FILE = YES;
				INFOPLIST_KEY_NSFaceIDUsageDescription = "Please authenticate yourself to unlock your places.";
				INFOPLIST_KEY_UIApplicationSceneManifest_Generation = YES;
				INFOPLIST_KEY_UIApplicationSupportsIndirectInputEvents = YES;
				INFOPLIST_KEY_UILaunchScreen_Generation = YES;
				INFOPLIST_KEY_UISupportedInterfaceOrientations_iPad = "UIInterfaceOrientationPortrait UIInterfaceOrientationPortraitUpsideDown UIInterfaceOrientationLandscapeLeft UIInterfaceOrientationLandscapeRight";
				INFOPLIST_KEY_UISupportedInterfaceOrientations_iPhone = "UIInterfaceOrientationPortrait UIInterfaceOrientationLandscapeLeft UIInterfaceOrientationLandscapeRight";
				LD_RUNPATH_SEARCH_PATHS = (
					"$(inherited)",
					"@executable_path/Frameworks",
				);
				MARKETING_VERSION = 1.0;
				PRODUCT_BUNDLE_IDENTIFIER = "com.yavuz.Bucketlist-Project14";
				PRODUCT_NAME = "$(TARGET_NAME)";
				SWIFT_EMIT_LOC_STRINGS = YES;
				SWIFT_VERSION = 5.0;
				TARGETED_DEVICE_FAMILY = "1,2";
			};
			name = Debug;
		};
		2F7313852A7250160021CC2D /* Release */ = {
			isa = XCBuildConfiguration;
			buildSettings = {
				ASSETCATALOG_COMPILER_APPICON_NAME = AppIcon;
				ASSETCATALOG_COMPILER_GLOBAL_ACCENT_COLOR_NAME = AccentColor;
				CODE_SIGN_STYLE = Automatic;
				CURRENT_PROJECT_VERSION = 1;
				DEVELOPMENT_ASSET_PATHS = "\"Bucketlist_Project14/Preview Content\"";
				DEVELOPMENT_TEAM = 9N9RKH6XXL;
				ENABLE_PREVIEWS = YES;
				GENERATE_INFOPLIST_FILE = YES;
				INFOPLIST_KEY_NSFaceIDUsageDescription = "Please authenticate yourself to unlock your places.";
				INFOPLIST_KEY_UIApplicationSceneManifest_Generation = YES;
				INFOPLIST_KEY_UIApplicationSupportsIndirectInputEvents = YES;
				INFOPLIST_KEY_UILaunchScreen_Generation = YES;
				INFOPLIST_KEY_UISupportedInterfaceOrientations_iPad = "UIInterfaceOrientationPortrait UIInterfaceOrientationPortraitUpsideDown UIInterfaceOrientationLandscapeLeft UIInterfaceOrientationLandscapeRight";
				INFOPLIST_KEY_UISupportedInterfaceOrientations_iPhone = "UIInterfaceOrientationPortrait UIInterfaceOrientationLandscapeLeft UIInterfaceOrientationLandscapeRight";
				LD_RUNPATH_SEARCH_PATHS = (
					"$(inherited)",
					"@executable_path/Frameworks",
				);
				MARKETING_VERSION = 1.0;
				PRODUCT_BUNDLE_IDENTIFIER = "com.yavuz.Bucketlist-Project14";
				PRODUCT_NAME = "$(TARGET_NAME)";
				SWIFT_EMIT_LOC_STRINGS = YES;
				SWIFT_VERSION = 5.0;
				TARGETED_DEVICE_FAMILY = "1,2";
			};
			name = Release;
		};
/* End XCBuildConfiguration section */

/* Begin XCConfigurationList section */
		2F7313702A7250150021CC2D /* Build configuration list for PBXProject "Bucketlist_Project14" */ = {
			isa = XCConfigurationList;
			buildConfigurations = (
				2F7313812A7250160021CC2D /* Debug */,
				2F7313822A7250160021CC2D /* Release */,
			);
			defaultConfigurationIsVisible = 0;
			defaultConfigurationName = Release;
		};
		2F7313832A7250160021CC2D /* Build configuration list for PBXNativeTarget "Bucketlist_Project14" */ = {
			isa = XCConfigurationList;
			buildConfigurations = (
				2F7313842A7250160021CC2D /* Debug */,
				2F7313852A7250160021CC2D /* Release */,
			);
			defaultConfigurationIsVisible = 0;
			defaultConfigurationName = Release;
		};
/* End XCConfigurationList section */
	};
	rootObject = 2F73136D2A7250150021CC2D /* Project object */;
}
